
Microsoft Visual Studio Solution File, Format Version 12.00
# Visual Studio Version 16
VisualStudioVersion = 16.0.30611.23
MinimumVisualStudioVersion = 10.0.40219.1
Project("{FAE04EC0-301F-11D3-BF4B-00C04F79EFBC}") = "ConsoleApp1", "ConsoleApp1.csproj", "{D1A65BC8-7C2D-4E50-8DF2-E02E8A891F6D}"
EndProject
Global
	GlobalSection(SolutionConfigurationPlatforms) = preSolution
		Debug|Any CPU = Debug|Any CPU
		Release|Any CPU = Release|Any CPU
	EndGlobalSection
	GlobalSection(ProjectConfigurationPlatforms) = postSolution
		{D1A65BC8-7C2D-4E50-8DF2-E02E8A891F6D}.Debug|Any CPU.ActiveCfg = Debug|Any CPU
		{D1A65BC8-7C2D-4E50-8DF2-E02E8A891F6D}.Debug|Any CPU.Build.0 = Debug|Any CPU
		{D1A65BC8-7C2D-4E50-8DF2-E02E8A891F6D}.Release|Any CPU.ActiveCfg = Release|Any CPU
		{D1A65BC8-7C2D-4E50-8DF2-E02E8A891F6D}.Release|Any CPU.Build.0 = Release|Any CPU
	EndGlobalSection
	GlobalSection(SolutionProperties) = preSolution
		HideSolutionNode = FALSE
	EndGlobalSection
	GlobalSection(ExtensibilityGlobals) = postSolution
		SolutionGuid = {097F560E-3F7D-42C5-BEF0-60E05469C822}
	EndGlobalSection
EndGlobal
